%{"amqp": {:hex, :amqp, "0.1.5", "f38e30abfce06fd2213f5e24744a2923f9d3c30f1687db19952be547457e0e7b", [:mix], [{:amqp_client, "3.5.6", [hex: :amqp_client, optional: false]}]},
  "amqp_client": {:git, "https://github.com/dsrosario/amqp_client.git", "3b3086534875c783803fcef7c5befaddd57a4561", [branch: "erlang_otp_19"]},
  "gen_stage": {:hex, :gen_stage, "0.4.3", "721a82a6c3de8438435ef1970d4942865afef5befb6f318055724b171860a8b4", [:mix], []},
  "poison": {:hex, :poison, "2.0.1", "81248a36d1b602b17ea6556bfa8952492091f01af05173de11f8b297e2bbf088", [:mix], []},
  "rabbit_common": {:git, "https://github.com/jbrisbin/rabbit_common.git", "eea16abd375981d16595d2cefaac893c7281187b", [tag: "rabbitmq-3.5.6"]}}
